# This file is automatically @generated by Poetry 1.5.0 and should not be changed by hand.

[[package]]
name = "cadquery"
version = "2.4.0dev"
description = ""
optional = false
python-versions = ">=3.8"
files = []
develop = false

[package.extras]
dev = ["black (==19.10b0)", "click (==8.0.4)", "docutils", "ipython", "pytest"]
ipython = ["ipython"]

[package.source]
type = "git"
url = "https://github.com/CadQuery/cadquery"
reference = "HEAD"
resolved_reference = "ecadff2cd16090a047d5a13e3e468f2131e5170e"

[metadata]
lock-version = "2.0"
python-versions = "*"
content-hash = "682dcef34cdbf89b8e993f19e39db500148f92f7bb333f567afddb8fe8168528"
